// !$*UTF8*$!
{
	archiveVersion = 1;
	classes = {
	};
	objectVersion = 56;
	objects = {

/* Begin PBXBuildFile section */
		120C5A202BBEAAF8002B001C /* CustomButton.swift in Sources */ = {isa = PBXBuildFile; fileRef = 120C5A1F2BBEAAF8002B001C /* CustomButton.swift */; };
		120C5A232BBEE55C002B001C /* GameMemento.swift in Sources */ = {isa = PBXBuildFile; fileRef = 120C5A222BBEE55C002B001C /* GameMemento.swift */; };
		120C5A272BBEE5FB002B001C /* GameSession.swift in Sources */ = {isa = PBXBuildFile; fileRef = 120C5A262BBEE5FB002B001C /* GameSession.swift */; };
		1214F1DF2BA22B3A00F86303 /* AppDelegate.swift in Sources */ = {isa = PBXBuildFile; fileRef = 1214F1DE2BA22B3A00F86303 /* AppDelegate.swift */; };
		1214F1E12BA22B3A00F86303 /* SceneDelegate.swift in Sources */ = {isa = PBXBuildFile; fileRef = 1214F1E02BA22B3A00F86303 /* SceneDelegate.swift */; };
		1214F1E82BA22B3C00F86303 /* Assets.xcassets in Resources */ = {isa = PBXBuildFile; fileRef = 1214F1E72BA22B3C00F86303 /* Assets.xcassets */; };
		1214F1EB2BA22B3C00F86303 /* LaunchScreen.storyboard in Resources */ = {isa = PBXBuildFile; fileRef = 1214F1E92BA22B3C00F86303 /* LaunchScreen.storyboard */; };
		1214F1F62BA22E2600F86303 /* MenuViewController.swift in Sources */ = {isa = PBXBuildFile; fileRef = 1214F1F52BA22E2600F86303 /* MenuViewController.swift */; };
		1217F23D2BA46E7F00F2EC61 /* Question.swift in Sources */ = {isa = PBXBuildFile; fileRef = 1217F23C2BA46E7F00F2EC61 /* Question.swift */; };
		1217F2402BA4718300F2EC61 /* ModuleBuilder.swift in Sources */ = {isa = PBXBuildFile; fileRef = 1217F23F2BA4718300F2EC61 /* ModuleBuilder.swift */; };
		1217F2452BA475D000F2EC61 /* MenuView.swift in Sources */ = {isa = PBXBuildFile; fileRef = 1217F2442BA475D000F2EC61 /* MenuView.swift */; };
		12830E4F2BBC68BE00DED6EB /* Game.swift in Sources */ = {isa = PBXBuildFile; fileRef = 12830E4E2BBC68BE00DED6EB /* Game.swift */; };
		12830E512BBC7B7A00DED6EB /* ResultsTableView.swift in Sources */ = {isa = PBXBuildFile; fileRef = 12830E502BBC7B7A00DED6EB /* ResultsTableView.swift */; };
		12830E532BBC834D00DED6EB /* BackgroundView.swift in Sources */ = {isa = PBXBuildFile; fileRef = 12830E522BBC834D00DED6EB /* BackgroundView.swift */; };
		128CEB022BB6B4C7003AAD78 /* UIStackView + Extensions.swift in Sources */ = {isa = PBXBuildFile; fileRef = 128CEB012BB6B4C7003AAD78 /* UIStackView + Extensions.swift */; };
		128CEB0A2BB6B6DA003AAD78 /* GameViewController.swift in Sources */ = {isa = PBXBuildFile; fileRef = 128CEB092BB6B6DA003AAD78 /* GameViewController.swift */; };
		128CEB0C2BB6B6FE003AAD78 /* ResultsViewController.swift in Sources */ = {isa = PBXBuildFile; fileRef = 128CEB0B2BB6B6FE003AAD78 /* ResultsViewController.swift */; };
		12EDB7782BBAF5B900408BDC /* GameView.swift in Sources */ = {isa = PBXBuildFile; fileRef = 12EDB7772BBAF5B900408BDC /* GameView.swift */; };
		12EDB77D2BBB3A2F00408BDC /* AnswerCollectionViewCell.swift in Sources */ = {isa = PBXBuildFile; fileRef = 12EDB77C2BBB3A2F00408BDC /* AnswerCollectionViewCell.swift */; };
		12EDB7802BBB45EB00408BDC /* QuestionHeader.swift in Sources */ = {isa = PBXBuildFile; fileRef = 12EDB77F2BBB45EB00408BDC /* QuestionHeader.swift */; };
		12FCD0E12BC9488300324D79 /* AlertManager.swift in Sources */ = {isa = PBXBuildFile; fileRef = 12FCD0E02BC9488300324D79 /* AlertManager.swift */; };
/* End PBXBuildFile section */

/* Begin PBXFileReference section */
		120C5A1F2BBEAAF8002B001C /* CustomButton.swift */ = {isa = PBXFileReference; lastKnownFileType = sourcecode.swift; path = CustomButton.swift; sourceTree = "<group>"; };
		120C5A222BBEE55C002B001C /* GameMemento.swift */ = {isa = PBXFileReference; lastKnownFileType = sourcecode.swift; path = GameMemento.swift; sourceTree = "<group>"; };
		120C5A262BBEE5FB002B001C /* GameSession.swift */ = {isa = PBXFileReference; lastKnownFileType = sourcecode.swift; path = GameSession.swift; sourceTree = "<group>"; };
		1214F1DB2BA22B3A00F86303 /* MillionaireQuest.app */ = {isa = PBXFileReference; explicitFileType = wrapper.application; includeInIndex = 0; path = MillionaireQuest.app; sourceTree = BUILT_PRODUCTS_DIR; };
		1214F1DE2BA22B3A00F86303 /* AppDelegate.swift */ = {isa = PBXFileReference; lastKnownFileType = sourcecode.swift; path = AppDelegate.swift; sourceTree = "<group>"; };
		1214F1E02BA22B3A00F86303 /* SceneDelegate.swift */ = {isa = PBXFileReference; lastKnownFileType = sourcecode.swift; path = SceneDelegate.swift; sourceTree = "<group>"; };
		1214F1E72BA22B3C00F86303 /* Assets.xcassets */ = {isa = PBXFileReference; lastKnownFileType = folder.assetcatalog; path = Assets.xcassets; sourceTree = "<group>"; };
		1214F1EA2BA22B3C00F86303 /* Base */ = {isa = PBXFileReference; lastKnownFileType = file.storyboard; name = Base; path = Base.lproj/LaunchScreen.storyboard; sourceTree = "<group>"; };
		1214F1EC2BA22B3C00F86303 /* Info.plist */ = {isa = PBXFileReference; lastKnownFileType = text.plist.xml; path = Info.plist; sourceTree = "<group>"; };
		1214F1F52BA22E2600F86303 /* MenuViewController.swift */ = {isa = PBXFileReference; lastKnownFileType = sourcecode.swift; path = MenuViewController.swift; sourceTree = "<group>"; };
		1217F23C2BA46E7F00F2EC61 /* Question.swift */ = {isa = PBXFileReference; lastKnownFileType = sourcecode.swift; path = Question.swift; sourceTree = "<group>"; };
		1217F23F2BA4718300F2EC61 /* ModuleBuilder.swift */ = {isa = PBXFileReference; lastKnownFileType = sourcecode.swift; path = ModuleBuilder.swift; sourceTree = "<group>"; };
		1217F2442BA475D000F2EC61 /* MenuView.swift */ = {isa = PBXFileReference; lastKnownFileType = sourcecode.swift; path = MenuView.swift; sourceTree = "<group>"; };
		12830E4E2BBC68BE00DED6EB /* Game.swift */ = {isa = PBXFileReference; lastKnownFileType = sourcecode.swift; path = Game.swift; sourceTree = "<group>"; };
		12830E502BBC7B7A00DED6EB /* ResultsTableView.swift */ = {isa = PBXFileReference; lastKnownFileType = sourcecode.swift; path = ResultsTableView.swift; sourceTree = "<group>"; };
		12830E522BBC834D00DED6EB /* BackgroundView.swift */ = {isa = PBXFileReference; lastKnownFileType = sourcecode.swift; path = BackgroundView.swift; sourceTree = "<group>"; };
		128CEB012BB6B4C7003AAD78 /* UIStackView + Extensions.swift */ = {isa = PBXFileReference; lastKnownFileType = sourcecode.swift; path = "UIStackView + Extensions.swift"; sourceTree = "<group>"; };
		128CEB092BB6B6DA003AAD78 /* GameViewController.swift */ = {isa = PBXFileReference; lastKnownFileType = sourcecode.swift; path = GameViewController.swift; sourceTree = "<group>"; };
		128CEB0B2BB6B6FE003AAD78 /* ResultsViewController.swift */ = {isa = PBXFileReference; lastKnownFileType = sourcecode.swift; path = ResultsViewController.swift; sourceTree = "<group>"; };
		12EDB7772BBAF5B900408BDC /* GameView.swift */ = {isa = PBXFileReference; lastKnownFileType = sourcecode.swift; path = GameView.swift; sourceTree = "<group>"; };
		12EDB77C2BBB3A2F00408BDC /* AnswerCollectionViewCell.swift */ = {isa = PBXFileReference; lastKnownFileType = sourcecode.swift; path = AnswerCollectionViewCell.swift; sourceTree = "<group>"; };
		12EDB77F2BBB45EB00408BDC /* QuestionHeader.swift */ = {isa = PBXFileReference; lastKnownFileType = sourcecode.swift; path = QuestionHeader.swift; sourceTree = "<group>"; };
		12FCD0E02BC9488300324D79 /* AlertManager.swift */ = {isa = PBXFileReference; lastKnownFileType = sourcecode.swift; path = AlertManager.swift; sourceTree = "<group>"; };
/* End PBXFileReference section */

/* Begin PBXFrameworksBuildPhase section */
		1214F1D82BA22B3A00F86303 /* Frameworks */ = {
			isa = PBXFrameworksBuildPhase;
			buildActionMask = 2147483647;
			files = (
			);
			runOnlyForDeploymentPostprocessing = 0;
		};
/* End PBXFrameworksBuildPhase section */

/* Begin PBXGroup section */
		120C5A1E2BBEAAE2002B001C /* CustomViews */ = {
			isa = PBXGroup;
			children = (
				120C5A1F2BBEAAF8002B001C /* CustomButton.swift */,
				12830E522BBC834D00DED6EB /* BackgroundView.swift */,
			);
			path = CustomViews;
			sourceTree = "<group>";
		};
		120C5A212BBEE540002B001C /* Memento */ = {
			isa = PBXGroup;
			children = (
				120C5A222BBEE55C002B001C /* GameMemento.swift */,
			);
			path = Memento;
			sourceTree = "<group>";
		};
		1214F1D22BA22B3A00F86303 = {
			isa = PBXGroup;
			children = (
				1214F1DD2BA22B3A00F86303 /* MillionaireQuest */,
				1214F1DC2BA22B3A00F86303 /* Products */,
			);
			sourceTree = "<group>";
		};
		1214F1DC2BA22B3A00F86303 /* Products */ = {
			isa = PBXGroup;
			children = (
				1214F1DB2BA22B3A00F86303 /* MillionaireQuest.app */,
			);
			name = Products;
			sourceTree = "<group>";
		};
		1214F1DD2BA22B3A00F86303 /* MillionaireQuest */ = {
			isa = PBXGroup;
			children = (
				1214F1F32BA22CFA00F86303 /* Application */,
				1217F23E2BA4716D00F2EC61 /* Services */,
				1217F23B2BA46E7000F2EC61 /* Model */,
				1214F1F42BA22E0300F86303 /* Modules */,
				128CEB002BB6B4AD003AAD78 /* Extensions */,
				1214F1F22BA22CEB00F86303 /* Resources */,
			);
			path = MillionaireQuest;
			sourceTree = "<group>";
		};
		1214F1F22BA22CEB00F86303 /* Resources */ = {
			isa = PBXGroup;
			children = (
				1214F1E72BA22B3C00F86303 /* Assets.xcassets */,
				1214F1E92BA22B3C00F86303 /* LaunchScreen.storyboard */,
				1214F1EC2BA22B3C00F86303 /* Info.plist */,
			);
			path = Resources;
			sourceTree = "<group>";
		};
		1214F1F32BA22CFA00F86303 /* Application */ = {
			isa = PBXGroup;
			children = (
				1214F1DE2BA22B3A00F86303 /* AppDelegate.swift */,
				1214F1E02BA22B3A00F86303 /* SceneDelegate.swift */,
			);
			path = Application;
			sourceTree = "<group>";
		};
		1214F1F42BA22E0300F86303 /* Modules */ = {
			isa = PBXGroup;
			children = (
				128CEB042BB6B6A8003AAD78 /* ResultsModule */,
				128CEB032BB6B6A0003AAD78 /* GameModule */,
				1217F2412BA475AB00F2EC61 /* MenuModule */,
			);
			path = Modules;
			sourceTree = "<group>";
		};
		1217F23B2BA46E7000F2EC61 /* Model */ = {
			isa = PBXGroup;
			children = (
				1217F23C2BA46E7F00F2EC61 /* Question.swift */,
			);
			path = Model;
			sourceTree = "<group>";
		};
		1217F23E2BA4716D00F2EC61 /* Services */ = {
			isa = PBXGroup;
			children = (
				12FCD0E22BC960CB00324D79 /* New Group */,
				12FCD0DF2BC9200600324D79 /* Builder */,
				120C5A212BBEE540002B001C /* Memento */,
				12FCD0DE2BC91FE300324D79 /* AlertManager */,
			);
			path = Services;
			sourceTree = "<group>";
		};
		1217F2412BA475AB00F2EC61 /* MenuModule */ = {
			isa = PBXGroup;
			children = (
				1217F2432BA475BE00F2EC61 /* Controller */,
				1217F2422BA475B800F2EC61 /* View */,
			);
			path = MenuModule;
			sourceTree = "<group>";
		};
		1217F2422BA475B800F2EC61 /* View */ = {
			isa = PBXGroup;
			children = (
				1217F2442BA475D000F2EC61 /* MenuView.swift */,
			);
			path = View;
			sourceTree = "<group>";
		};
		1217F2432BA475BE00F2EC61 /* Controller */ = {
			isa = PBXGroup;
			children = (
				1214F1F52BA22E2600F86303 /* MenuViewController.swift */,
			);
			path = Controller;
			sourceTree = "<group>";
		};
		128CEB002BB6B4AD003AAD78 /* Extensions */ = {
			isa = PBXGroup;
			children = (
				120C5A1E2BBEAAE2002B001C /* CustomViews */,
				128CEB012BB6B4C7003AAD78 /* UIStackView + Extensions.swift */,
			);
			path = Extensions;
			sourceTree = "<group>";
		};
		128CEB032BB6B6A0003AAD78 /* GameModule */ = {
			isa = PBXGroup;
			children = (
				12EDB77E2BBB45D900408BDC /* Header */,
				12EDB77B2BBB39FD00408BDC /* Cell */,
				128CEB062BB6B6C2003AAD78 /* View */,
				128CEB052BB6B6BC003AAD78 /* Controller */,
			);
			path = GameModule;
			sourceTree = "<group>";
		};
		128CEB042BB6B6A8003AAD78 /* ResultsModule */ = {
			isa = PBXGroup;
			children = (
				128CEB082BB6B6CD003AAD78 /* View */,
				128CEB072BB6B6C7003AAD78 /* Controller */,
			);
			path = ResultsModule;
			sourceTree = "<group>";
		};
		128CEB052BB6B6BC003AAD78 /* Controller */ = {
			isa = PBXGroup;
			children = (
				128CEB092BB6B6DA003AAD78 /* GameViewController.swift */,
			);
			path = Controller;
			sourceTree = "<group>";
		};
		128CEB062BB6B6C2003AAD78 /* View */ = {
			isa = PBXGroup;
			children = (
				12EDB7772BBAF5B900408BDC /* GameView.swift */,
			);
			path = View;
			sourceTree = "<group>";
		};
		128CEB072BB6B6C7003AAD78 /* Controller */ = {
			isa = PBXGroup;
			children = (
				128CEB0B2BB6B6FE003AAD78 /* ResultsViewController.swift */,
			);
			path = Controller;
			sourceTree = "<group>";
		};
		128CEB082BB6B6CD003AAD78 /* View */ = {
			isa = PBXGroup;
			children = (
				12830E502BBC7B7A00DED6EB /* ResultsTableView.swift */,
			);
			path = View;
			sourceTree = "<group>";
		};
		12EDB77B2BBB39FD00408BDC /* Cell */ = {
			isa = PBXGroup;
			children = (
				12EDB77C2BBB3A2F00408BDC /* AnswerCollectionViewCell.swift */,
			);
			path = Cell;
			sourceTree = "<group>";
		};
		12EDB77E2BBB45D900408BDC /* Header */ = {
			isa = PBXGroup;
			children = (
				12EDB77F2BBB45EB00408BDC /* QuestionHeader.swift */,
			);
			path = Header;
			sourceTree = "<group>";
		};
		12FCD0DE2BC91FE300324D79 /* AlertManager */ = {
			isa = PBXGroup;
			children = (
				12FCD0E02BC9488300324D79 /* AlertManager.swift */,
			);
			path = AlertManager;
			sourceTree = "<group>";
		};
		12FCD0DF2BC9200600324D79 /* Builder */ = {
			isa = PBXGroup;
			children = (
				1217F23F2BA4718300F2EC61 /* ModuleBuilder.swift */,
			);
			path = Builder;
			sourceTree = "<group>";
		};
		12FCD0E22BC960CB00324D79 /* New Group */ = {
			isa = PBXGroup;
			children = (
				12830E4E2BBC68BE00DED6EB /* Game.swift */,
				120C5A262BBEE5FB002B001C /* GameSession.swift */,
			);
			path = "New Group";
			sourceTree = "<group>";
		};
/* End PBXGroup section */

/* Begin PBXNativeTarget section */
		1214F1DA2BA22B3A00F86303 /* MillionaireQuest */ = {
			isa = PBXNativeTarget;
			buildConfigurationList = 1214F1EF2BA22B3C00F86303 /* Build configuration list for PBXNativeTarget "MillionaireQuest" */;
			buildPhases = (
				1214F1D72BA22B3A00F86303 /* Sources */,
				1214F1D82BA22B3A00F86303 /* Frameworks */,
				1214F1D92BA22B3A00F86303 /* Resources */,
			);
			buildRules = (
			);
			dependencies = (
			);
			name = MillionaireQuest;
			productName = MillionaireQuest;
			productReference = 1214F1DB2BA22B3A00F86303 /* MillionaireQuest.app */;
			productType = "com.apple.product-type.application";
		};
/* End PBXNativeTarget section */

/* Begin PBXProject section */
		1214F1D32BA22B3A00F86303 /* Project object */ = {
			isa = PBXProject;
			attributes = {
				BuildIndependentTargetsInParallel = 1;
				LastSwiftUpdateCheck = 1520;
				LastUpgradeCheck = 1520;
				TargetAttributes = {
					1214F1DA2BA22B3A00F86303 = {
						CreatedOnToolsVersion = 15.2;
					};
				};
			};
			buildConfigurationList = 1214F1D62BA22B3A00F86303 /* Build configuration list for PBXProject "MillionaireQuest" */;
			compatibilityVersion = "Xcode 14.0";
			developmentRegion = en;
			hasScannedForEncodings = 0;
			knownRegions = (
				en,
				Base,
			);
			mainGroup = 1214F1D22BA22B3A00F86303;
			productRefGroup = 1214F1DC2BA22B3A00F86303 /* Products */;
			projectDirPath = "";
			projectRoot = "";
			targets = (
				1214F1DA2BA22B3A00F86303 /* MillionaireQuest */,
			);
		};
/* End PBXProject section */

/* Begin PBXResourcesBuildPhase section */
		1214F1D92BA22B3A00F86303 /* Resources */ = {
			isa = PBXResourcesBuildPhase;
			buildActionMask = 2147483647;
			files = (
				1214F1EB2BA22B3C00F86303 /* LaunchScreen.storyboard in Resources */,
				1214F1E82BA22B3C00F86303 /* Assets.xcassets in Resources */,
			);
			runOnlyForDeploymentPostprocessing = 0;
		};
/* End PBXResourcesBuildPhase section */

/* Begin PBXSourcesBuildPhase section */
		1214F1D72BA22B3A00F86303 /* Sources */ = {
			isa = PBXSourcesBuildPhase;
			buildActionMask = 2147483647;
			files = (
				12830E532BBC834D00DED6EB /* BackgroundView.swift in Sources */,
				1214F1DF2BA22B3A00F86303 /* AppDelegate.swift in Sources */,
				1217F2452BA475D000F2EC61 /* MenuView.swift in Sources */,
				128CEB022BB6B4C7003AAD78 /* UIStackView + Extensions.swift in Sources */,
				120C5A202BBEAAF8002B001C /* CustomButton.swift in Sources */,
				12830E4F2BBC68BE00DED6EB /* Game.swift in Sources */,
				1217F23D2BA46E7F00F2EC61 /* Question.swift in Sources */,
				12EDB7782BBAF5B900408BDC /* GameView.swift in Sources */,
				128CEB0A2BB6B6DA003AAD78 /* GameViewController.swift in Sources */,
				12FCD0E12BC9488300324D79 /* AlertManager.swift in Sources */,
				120C5A232BBEE55C002B001C /* GameMemento.swift in Sources */,
				128CEB0C2BB6B6FE003AAD78 /* ResultsViewController.swift in Sources */,
				12EDB77D2BBB3A2F00408BDC /* AnswerCollectionViewCell.swift in Sources */,
				12EDB7802BBB45EB00408BDC /* QuestionHeader.swift in Sources */,
				12830E512BBC7B7A00DED6EB /* ResultsTableView.swift in Sources */,
				1214F1F62BA22E2600F86303 /* MenuViewController.swift in Sources */,
				1217F2402BA4718300F2EC61 /* ModuleBuilder.swift in Sources */,
				1214F1E12BA22B3A00F86303 /* SceneDelegate.swift in Sources */,
				120C5A272BBEE5FB002B001C /* GameSession.swift in Sources */,
			);
			runOnlyForDeploymentPostprocessing = 0;
		};
/* End PBXSourcesBuildPhase section */

/* Begin PBXVariantGroup section */
		1214F1E92BA22B3C00F86303 /* LaunchScreen.storyboard */ = {
			isa = PBXVariantGroup;
			children = (
				1214F1EA2BA22B3C00F86303 /* Base */,
			);
			name = LaunchScreen.storyboard;
			sourceTree = "<group>";
		};
/* End PBXVariantGroup section */

/* Begin XCBuildConfiguration section */
		1214F1ED2BA22B3C00F86303 /* Debug */ = {
			isa = XCBuildConfiguration;
			buildSettings = {
				ALWAYS_SEARCH_USER_PATHS = NO;
				ASSETCATALOG_COMPILER_GENERATE_SWIFT_ASSET_SYMBOL_EXTENSIONS = YES;
				CLANG_ANALYZER_NONNULL = YES;
				CLANG_ANALYZER_NUMBER_OBJECT_CONVERSION = YES_AGGRESSIVE;
				CLANG_CXX_LANGUAGE_STANDARD = "gnu++20";
				CLANG_ENABLE_MODULES = YES;
				CLANG_ENABLE_OBJC_ARC = YES;
				CLANG_ENABLE_OBJC_WEAK = YES;
				CLANG_WARN_BLOCK_CAPTURE_AUTORELEASING = YES;
				CLANG_WARN_BOOL_CONVERSION = YES;
				CLANG_WARN_COMMA = YES;
				CLANG_WARN_CONSTANT_CONVERSION = YES;
				CLANG_WARN_DEPRECATED_OBJC_IMPLEMENTATIONS = YES;
				CLANG_WARN_DIRECT_OBJC_ISA_USAGE = YES_ERROR;
				CLANG_WARN_DOCUMENTATION_COMMENTS = YES;
				CLANG_WARN_EMPTY_BODY = YES;
				CLANG_WARN_ENUM_CONVERSION = YES;
				CLANG_WARN_INFINITE_RECURSION = YES;
				CLANG_WARN_INT_CONVERSION = YES;
				CLANG_WARN_NON_LITERAL_NULL_CONVERSION = YES;
				CLANG_WARN_OBJC_IMPLICIT_RETAIN_SELF = YES;
				CLANG_WARN_OBJC_LITERAL_CONVERSION = YES;
				CLANG_WARN_OBJC_ROOT_CLASS = YES_ERROR;
				CLANG_WARN_QUOTED_INCLUDE_IN_FRAMEWORK_HEADER = YES;
				CLANG_WARN_RANGE_LOOP_ANALYSIS = YES;
				CLANG_WARN_STRICT_PROTOTYPES = YES;
				CLANG_WARN_SUSPICIOUS_MOVE = YES;
				CLANG_WARN_UNGUARDED_AVAILABILITY = YES_AGGRESSIVE;
				CLANG_WARN_UNREACHABLE_CODE = YES;
				CLANG_WARN__DUPLICATE_METHOD_MATCH = YES;
				COPY_PHASE_STRIP = NO;
				DEBUG_INFORMATION_FORMAT = dwarf;
				ENABLE_STRICT_OBJC_MSGSEND = YES;
				ENABLE_TESTABILITY = YES;
				ENABLE_USER_SCRIPT_SANDBOXING = YES;
				GCC_C_LANGUAGE_STANDARD = gnu17;
				GCC_DYNAMIC_NO_PIC = NO;
				GCC_NO_COMMON_BLOCKS = YES;
				GCC_OPTIMIZATION_LEVEL = 0;
				GCC_PREPROCESSOR_DEFINITIONS = (
					"DEBUG=1",
					"$(inherited)",
				);
				GCC_WARN_64_TO_32_BIT_CONVERSION = YES;
				GCC_WARN_ABOUT_RETURN_TYPE = YES_ERROR;
				GCC_WARN_UNDECLARED_SELECTOR = YES;
				GCC_WARN_UNINITIALIZED_AUTOS = YES_AGGRESSIVE;
				GCC_WARN_UNUSED_FUNCTION = YES;
				GCC_WARN_UNUSED_VARIABLE = YES;
				IPHONEOS_DEPLOYMENT_TARGET = 17.2;
				LOCALIZATION_PREFERS_STRING_CATALOGS = YES;
				MTL_ENABLE_DEBUG_INFO = INCLUDE_SOURCE;
				MTL_FAST_MATH = YES;
				ONLY_ACTIVE_ARCH = YES;
				SDKROOT = iphoneos;
				SWIFT_ACTIVE_COMPILATION_CONDITIONS = "DEBUG $(inherited)";
				SWIFT_OPTIMIZATION_LEVEL = "-Onone";
			};
			name = Debug;
		};
		1214F1EE2BA22B3C00F86303 /* Release */ = {
			isa = XCBuildConfiguration;
			buildSettings = {
				ALWAYS_SEARCH_USER_PATHS = NO;
				ASSETCATALOG_COMPILER_GENERATE_SWIFT_ASSET_SYMBOL_EXTENSIONS = YES;
				CLANG_ANALYZER_NONNULL = YES;
				CLANG_ANALYZER_NUMBER_OBJECT_CONVERSION = YES_AGGRESSIVE;
				CLANG_CXX_LANGUAGE_STANDARD = "gnu++20";
				CLANG_ENABLE_MODULES = YES;
				CLANG_ENABLE_OBJC_ARC = YES;
				CLANG_ENABLE_OBJC_WEAK = YES;
				CLANG_WARN_BLOCK_CAPTURE_AUTORELEASING = YES;
				CLANG_WARN_BOOL_CONVERSION = YES;
				CLANG_WARN_COMMA = YES;
				CLANG_WARN_CONSTANT_CONVERSION = YES;
				CLANG_WARN_DEPRECATED_OBJC_IMPLEMENTATIONS = YES;
				CLANG_WARN_DIRECT_OBJC_ISA_USAGE = YES_ERROR;
				CLANG_WARN_DOCUMENTATION_COMMENTS = YES;
				CLANG_WARN_EMPTY_BODY = YES;
				CLANG_WARN_ENUM_CONVERSION = YES;
				CLANG_WARN_INFINITE_RECURSION = YES;
				CLANG_WARN_INT_CONVERSION = YES;
				CLANG_WARN_NON_LITERAL_NULL_CONVERSION = YES;
				CLANG_WARN_OBJC_IMPLICIT_RETAIN_SELF = YES;
				CLANG_WARN_OBJC_LITERAL_CONVERSION = YES;
				CLANG_WARN_OBJC_ROOT_CLASS = YES_ERROR;
				CLANG_WARN_QUOTED_INCLUDE_IN_FRAMEWORK_HEADER = YES;
				CLANG_WARN_RANGE_LOOP_ANALYSIS = YES;
				CLANG_WARN_STRICT_PROTOTYPES = YES;
				CLANG_WARN_SUSPICIOUS_MOVE = YES;
				CLANG_WARN_UNGUARDED_AVAILABILITY = YES_AGGRESSIVE;
				CLANG_WARN_UNREACHABLE_CODE = YES;
				CLANG_WARN__DUPLICATE_METHOD_MATCH = YES;
				COPY_PHASE_STRIP = NO;
				DEBUG_INFORMATION_FORMAT = "dwarf-with-dsym";
				ENABLE_NS_ASSERTIONS = NO;
				ENABLE_STRICT_OBJC_MSGSEND = YES;
				ENABLE_USER_SCRIPT_SANDBOXING = YES;
				GCC_C_LANGUAGE_STANDARD = gnu17;
				GCC_NO_COMMON_BLOCKS = YES;
				GCC_WARN_64_TO_32_BIT_CONVERSION = YES;
				GCC_WARN_ABOUT_RETURN_TYPE = YES_ERROR;
				GCC_WARN_UNDECLARED_SELECTOR = YES;
				GCC_WARN_UNINITIALIZED_AUTOS = YES_AGGRESSIVE;
				GCC_WARN_UNUSED_FUNCTION = YES;
				GCC_WARN_UNUSED_VARIABLE = YES;
				IPHONEOS_DEPLOYMENT_TARGET = 17.2;
				LOCALIZATION_PREFERS_STRING_CATALOGS = YES;
				MTL_ENABLE_DEBUG_INFO = NO;
				MTL_FAST_MATH = YES;
				SDKROOT = iphoneos;
				SWIFT_COMPILATION_MODE = wholemodule;
				VALIDATE_PRODUCT = YES;
			};
			name = Release;
		};
		1214F1F02BA22B3C00F86303 /* Debug */ = {
			isa = XCBuildConfiguration;
			buildSettings = {
				ASSETCATALOG_COMPILER_APPICON_NAME = AppIcon;
				ASSETCATALOG_COMPILER_GLOBAL_ACCENT_COLOR_NAME = AccentColor;
				CODE_SIGN_STYLE = Automatic;
				CURRENT_PROJECT_VERSION = 1;
				DEVELOPMENT_TEAM = UJRW24XH5L;
				GENERATE_INFOPLIST_FILE = YES;
				INFOPLIST_FILE = MillionaireQuest/Resources/Info.plist;
				INFOPLIST_KEY_UIApplicationSupportsIndirectInputEvents = YES;
				INFOPLIST_KEY_UILaunchStoryboardName = LaunchScreen;
				INFOPLIST_KEY_UISupportedInterfaceOrientations = UIInterfaceOrientationPortrait;
				INFOPLIST_KEY_UISupportedInterfaceOrientations_iPad = "UIInterfaceOrientationLandscapeLeft UIInterfaceOrientationLandscapeRight UIInterfaceOrientationPortrait UIInterfaceOrientationPortraitUpsideDown";
				LD_RUNPATH_SEARCH_PATHS = (
					"$(inherited)",
					"@executable_path/Frameworks",
				);
				MARKETING_VERSION = 1.0;
				PRODUCT_BUNDLE_IDENTIFIER = com.koddek.MillionaireQuest;
				PRODUCT_NAME = "$(TARGET_NAME)";
				SUPPORTED_PLATFORMS = "iphoneos iphonesimulator";
				SUPPORTS_MACCATALYST = NO;
				SUPPORTS_MAC_DESIGNED_FOR_IPHONE_IPAD = NO;
				SUPPORTS_XR_DESIGNED_FOR_IPHONE_IPAD = NO;
				SWIFT_EMIT_LOC_STRINGS = YES;
				SWIFT_VERSION = 5.0;
				TARGETED_DEVICE_FAMILY = 1;
			};
			name = Debug;
		};
		1214F1F12BA22B3C00F86303 /* Release */ = {
			isa = XCBuildConfiguration;
			buildSettings = {
				ASSETCATALOG_COMPILER_APPICON_NAME = AppIcon;
				ASSETCATALOG_COMPILER_GLOBAL_ACCENT_COLOR_NAME = AccentColor;
				CODE_SIGN_STYLE = Automatic;
				CURRENT_PROJECT_VERSION = 1;
				DEVELOPMENT_TEAM = UJRW24XH5L;
				GENERATE_INFOPLIST_FILE = YES;
				INFOPLIST_FILE = MillionaireQuest/Resources/Info.plist;
				INFOPLIST_KEY_UIApplicationSupportsIndirectInputEvents = YES;
				INFOPLIST_KEY_UILaunchStoryboardName = LaunchScreen;
				INFOPLIST_KEY_UISupportedInterfaceOrientations = UIInterfaceOrientationPortrait;
				INFOPLIST_KEY_UISupportedInterfaceOrientations_iPad = "UIInterfaceOrientationLandscapeLeft UIInterfaceOrientationLandscapeRight UIInterfaceOrientationPortrait UIInterfaceOrientationPortraitUpsideDown";
				LD_RUNPATH_SEARCH_PATHS = (
					"$(inherited)",
					"@executable_path/Frameworks",
				);
				MARKETING_VERSION = 1.0;
				PRODUCT_BUNDLE_IDENTIFIER = com.koddek.MillionaireQuest;
				PRODUCT_NAME = "$(TARGET_NAME)";
				SUPPORTED_PLATFORMS = "iphoneos iphonesimulator";
				SUPPORTS_MACCATALYST = NO;
				SUPPORTS_MAC_DESIGNED_FOR_IPHONE_IPAD = NO;
				SUPPORTS_XR_DESIGNED_FOR_IPHONE_IPAD = NO;
				SWIFT_EMIT_LOC_STRINGS = YES;
				SWIFT_VERSION = 5.0;
				TARGETED_DEVICE_FAMILY = 1;
			};
			name = Release;
		};
/* End XCBuildConfiguration section */

/* Begin XCConfigurationList section */
		1214F1D62BA22B3A00F86303 /* Build configuration list for PBXProject "MillionaireQuest" */ = {
			isa = XCConfigurationList;
			buildConfigurations = (
				1214F1ED2BA22B3C00F86303 /* Debug */,
				1214F1EE2BA22B3C00F86303 /* Release */,
			);
			defaultConfigurationIsVisible = 0;
			defaultConfigurationName = Release;
		};
		1214F1EF2BA22B3C00F86303 /* Build configuration list for PBXNativeTarget "MillionaireQuest" */ = {
			isa = XCConfigurationList;
			buildConfigurations = (
				1214F1F02BA22B3C00F86303 /* Debug */,
				1214F1F12BA22B3C00F86303 /* Release */,
			);
			defaultConfigurationIsVisible = 0;
			defaultConfigurationName = Release;
		};
/* End XCConfigurationList section */
	};
	rootObject = 1214F1D32BA22B3A00F86303 /* Project object */;
}
